
Microsoft Visual Studio Solution File, Format Version 12.00
# Visual Studio Version 16
VisualStudioVersion = 16.0.33927.289
MinimumVisualStudioVersion = 10.0.40219.1
Project("{2150E333-8FDC-42A3-9474-1A3956D46DE8}") = "Task0", "Task0", "{6C704640-070D-491D-B606-8701E05F793E}"
EndProject
Project("{FAE04EC0-301F-11D3-BF4B-00C04F79EFBC}") = "Tyuiu.KulakovEE.Sprint4.Task0.V3", "Tyuiu.KulakovEE.Sprint4.Task0.V3\Tyuiu.KulakovEE.Sprint4.Task0.V3.csproj", "{5CCE3F88-1E36-449C-B2F7-B983EE5D2565}"
EndProject
Project("{FAE04EC0-301F-11D3-BF4B-00C04F79EFBC}") = "Tyuiu.KulakovEE.Sprint4.Task0.V3.Test", "Tyuiu.KulakovEE.Sprint4.Task0.V3.Test\Tyuiu.KulakovEE.Sprint4.Task0.V3.Test.csproj", "{9F1F330E-C3AF-4E39-A820-E32CE62357CC}"
EndProject
Project("{FAE04EC0-301F-11D3-BF4B-00C04F79EFBC}") = "Tyuiu.KulakovEE.Sprint4.Task0.V3.Lib", "Tyuiu.KulakovEE.Sprint4.Task0.V3.Lib\Tyuiu.KulakovEE.Sprint4.Task0.V3.Lib.csproj", "{F6725F20-1315-4055-9174-387AFCA5A169}"
EndProject
Project("{2150E333-8FDC-42A3-9474-1A3956D46DE8}") = "Task1", "Task1", "{90AE61C4-08B5-4C66-B2F9-7385EEB6CD47}"
EndProject
Project("{FAE04EC0-301F-11D3-BF4B-00C04F79EFBC}") = "Tyuiu.KulakovEE.Sprint4.Task1.V6", "Tyuiu.KulakovEE.Sprint4.Task1.V6\Tyuiu.KulakovEE.Sprint4.Task1.V6.csproj", "{098D886D-97C4-4FA8-84F5-3213E7C8B326}"
EndProject
Project("{FAE04EC0-301F-11D3-BF4B-00C04F79EFBC}") = "Tyuiu.KulakovEE.Sprint4.Task1.V6.Lib", "Tyuiu.KulakovEE.Sprint4.Task1.V6.Lib\Tyuiu.KulakovEE.Sprint4.Task1.V6.Lib.csproj", "{E6504142-05CE-41BA-8179-B785F1A048E1}"
EndProject
Project("{FAE04EC0-301F-11D3-BF4B-00C04F79EFBC}") = "Tyuiu.KulakovEE.Sprint4.Task1.V6.Test", "Tyuiu.KulakovEE.Sprint4.Task1.V6.Test\Tyuiu.KulakovEE.Sprint4.Task1.V6.Test.csproj", "{1C5F0B98-FBDE-41D4-B968-43E2688A69D4}"
EndProject
Project("{2150E333-8FDC-42A3-9474-1A3956D46DE8}") = "Task2", "Task2", "{B2FF6E2D-BFAE-4DBE-B0FC-B5D286D6481A}"
EndProject
Project("{FAE04EC0-301F-11D3-BF4B-00C04F79EFBC}") = "Tyuiu.KulakovEE.Sprint4.Task2.V12", "Tyuiu.KulakovEE.Sprint4.Task2.V12\Tyuiu.KulakovEE.Sprint4.Task2.V12.csproj", "{5FAC361A-63A5-4AD5-A8F8-DA7DD06592BE}"
EndProject
Project("{FAE04EC0-301F-11D3-BF4B-00C04F79EFBC}") = "Tyuiu.KulakovEE.Sprint4.Task2.V12.Lib", "Tyuiu.KulakovEE.Sprint4.Task2.V12.Lib\Tyuiu.KulakovEE.Sprint4.Task2.V12.Lib.csproj", "{556F3E12-FFEF-4C55-A9C1-6A6C7F160552}"
EndProject
Project("{FAE04EC0-301F-11D3-BF4B-00C04F79EFBC}") = "Tyuiu.KulakovEE.Sprint4.Task2.V12.Test", "Tyuiu.KulakovEE.Sprint4.Task2.V12.Test\Tyuiu.KulakovEE.Sprint4.Task2.V12.Test.csproj", "{79C469C3-F828-43B1-8260-E56816EF6A9D}"
EndProject
Project("{2150E333-8FDC-42A3-9474-1A3956D46DE8}") = "Task3", "Task3", "{45439221-DB05-4DA1-941A-091ED1CC2EF2}"
EndProject
Project("{FAE04EC0-301F-11D3-BF4B-00C04F79EFBC}") = "Tyuiu.KulakovEE.Sprint4.Task3.V4", "Tyuiu.KulakovEE.Sprint4.Task3.V4\Tyuiu.KulakovEE.Sprint4.Task3.V4.csproj", "{B442AB3D-0BB9-4B8A-8A8C-A21873236B3F}"
EndProject
Project("{FAE04EC0-301F-11D3-BF4B-00C04F79EFBC}") = "Tyuiu.KulakovEE.Sprint4.Task3.V4.Lib", "Tyuiu.KulakovEE.Sprint4.Task3.V4.Lib\Tyuiu.KulakovEE.Sprint4.Task3.V4.Lib.csproj", "{9D674E69-1025-44FB-AC2C-5ADE4E981F16}"
EndProject
Project("{FAE04EC0-301F-11D3-BF4B-00C04F79EFBC}") = "Tyuiu.KulakovEE.Sprint4.Task3.V4.Test", "Tyuiu.KulakovEE.Sprint4.Task3.V4.Test\Tyuiu.KulakovEE.Sprint4.Task3.V4.Test.csproj", "{27A5EE2D-9E40-414F-9150-8E3E13F6880B}"
EndProject
Global
	GlobalSection(SolutionConfigurationPlatforms) = preSolution
		Debug|Any CPU = Debug|Any CPU
		Release|Any CPU = Release|Any CPU
	EndGlobalSection
	GlobalSection(ProjectConfigurationPlatforms) = postSolution
		{5CCE3F88-1E36-449C-B2F7-B983EE5D2565}.Debug|Any CPU.ActiveCfg = Debug|Any CPU
		{5CCE3F88-1E36-449C-B2F7-B983EE5D2565}.Debug|Any CPU.Build.0 = Debug|Any CPU
		{5CCE3F88-1E36-449C-B2F7-B983EE5D2565}.Release|Any CPU.ActiveCfg = Release|Any CPU
		{5CCE3F88-1E36-449C-B2F7-B983EE5D2565}.Release|Any CPU.Build.0 = Release|Any CPU
		{9F1F330E-C3AF-4E39-A820-E32CE62357CC}.Debug|Any CPU.ActiveCfg = Debug|Any CPU
		{9F1F330E-C3AF-4E39-A820-E32CE62357CC}.Debug|Any CPU.Build.0 = Debug|Any CPU
		{9F1F330E-C3AF-4E39-A820-E32CE62357CC}.Release|Any CPU.ActiveCfg = Release|Any CPU
		{9F1F330E-C3AF-4E39-A820-E32CE62357CC}.Release|Any CPU.Build.0 = Release|Any CPU
		{F6725F20-1315-4055-9174-387AFCA5A169}.Debug|Any CPU.ActiveCfg = Debug|Any CPU
		{F6725F20-1315-4055-9174-387AFCA5A169}.Debug|Any CPU.Build.0 = Debug|Any CPU
		{F6725F20-1315-4055-9174-387AFCA5A169}.Release|Any CPU.ActiveCfg = Release|Any CPU
		{F6725F20-1315-4055-9174-387AFCA5A169}.Release|Any CPU.Build.0 = Release|Any CPU
		{098D886D-97C4-4FA8-84F5-3213E7C8B326}.Debug|Any CPU.ActiveCfg = Debug|Any CPU
		{098D886D-97C4-4FA8-84F5-3213E7C8B326}.Debug|Any CPU.Build.0 = Debug|Any CPU
		{098D886D-97C4-4FA8-84F5-3213E7C8B326}.Release|Any CPU.ActiveCfg = Release|Any CPU
		{098D886D-97C4-4FA8-84F5-3213E7C8B326}.Release|Any CPU.Build.0 = Release|Any CPU
		{E6504142-05CE-41BA-8179-B785F1A048E1}.Debug|Any CPU.ActiveCfg = Debug|Any CPU
		{E6504142-05CE-41BA-8179-B785F1A048E1}.Debug|Any CPU.Build.0 = Debug|Any CPU
		{E6504142-05CE-41BA-8179-B785F1A048E1}.Release|Any CPU.ActiveCfg = Release|Any CPU
		{E6504142-05CE-41BA-8179-B785F1A048E1}.Release|Any CPU.Build.0 = Release|Any CPU
		{1C5F0B98-FBDE-41D4-B968-43E2688A69D4}.Debug|Any CPU.ActiveCfg = Debug|Any CPU
		{1C5F0B98-FBDE-41D4-B968-43E2688A69D4}.Debug|Any CPU.Build.0 = Debug|Any CPU
		{1C5F0B98-FBDE-41D4-B968-43E2688A69D4}.Release|Any CPU.ActiveCfg = Release|Any CPU
		{1C5F0B98-FBDE-41D4-B968-43E2688A69D4}.Release|Any CPU.Build.0 = Release|Any CPU
		{5FAC361A-63A5-4AD5-A8F8-DA7DD06592BE}.Debug|Any CPU.ActiveCfg = Debug|Any CPU
		{5FAC361A-63A5-4AD5-A8F8-DA7DD06592BE}.Debug|Any CPU.Build.0 = Debug|Any CPU
		{5FAC361A-63A5-4AD5-A8F8-DA7DD06592BE}.Release|Any CPU.ActiveCfg = Release|Any CPU
		{5FAC361A-63A5-4AD5-A8F8-DA7DD06592BE}.Release|Any CPU.Build.0 = Release|Any CPU
		{556F3E12-FFEF-4C55-A9C1-6A6C7F160552}.Debug|Any CPU.ActiveCfg = Debug|Any CPU
		{556F3E12-FFEF-4C55-A9C1-6A6C7F160552}.Debug|Any CPU.Build.0 = Debug|Any CPU
		{556F3E12-FFEF-4C55-A9C1-6A6C7F160552}.Release|Any CPU.ActiveCfg = Release|Any CPU
		{556F3E12-FFEF-4C55-A9C1-6A6C7F160552}.Release|Any CPU.Build.0 = Release|Any CPU
		{79C469C3-F828-43B1-8260-E56816EF6A9D}.Debug|Any CPU.ActiveCfg = Debug|Any CPU
		{79C469C3-F828-43B1-8260-E56816EF6A9D}.Debug|Any CPU.Build.0 = Debug|Any CPU
		{79C469C3-F828-43B1-8260-E56816EF6A9D}.Release|Any CPU.ActiveCfg = Release|Any CPU
		{79C469C3-F828-43B1-8260-E56816EF6A9D}.Release|Any CPU.Build.0 = Release|Any CPU
		{B442AB3D-0BB9-4B8A-8A8C-A21873236B3F}.Debug|Any CPU.ActiveCfg = Debug|Any CPU
		{B442AB3D-0BB9-4B8A-8A8C-A21873236B3F}.Debug|Any CPU.Build.0 = Debug|Any CPU
		{B442AB3D-0BB9-4B8A-8A8C-A21873236B3F}.Release|Any CPU.ActiveCfg = Release|Any CPU
		{B442AB3D-0BB9-4B8A-8A8C-A21873236B3F}.Release|Any CPU.Build.0 = Release|Any CPU
		{9D674E69-1025-44FB-AC2C-5ADE4E981F16}.Debug|Any CPU.ActiveCfg = Debug|Any CPU
		{9D674E69-1025-44FB-AC2C-5ADE4E981F16}.Debug|Any CPU.Build.0 = Debug|Any CPU
		{9D674E69-1025-44FB-AC2C-5ADE4E981F16}.Release|Any CPU.ActiveCfg = Release|Any CPU
		{9D674E69-1025-44FB-AC2C-5ADE4E981F16}.Release|Any CPU.Build.0 = Release|Any CPU
		{27A5EE2D-9E40-414F-9150-8E3E13F6880B}.Debug|Any CPU.ActiveCfg = Debug|Any CPU
		{27A5EE2D-9E40-414F-9150-8E3E13F6880B}.Debug|Any CPU.Build.0 = Debug|Any CPU
		{27A5EE2D-9E40-414F-9150-8E3E13F6880B}.Release|Any CPU.ActiveCfg = Release|Any CPU
		{27A5EE2D-9E40-414F-9150-8E3E13F6880B}.Release|Any CPU.Build.0 = Release|Any CPU
	EndGlobalSection
	GlobalSection(SolutionProperties) = preSolution
		HideSolutionNode = FALSE
	EndGlobalSection
	GlobalSection(NestedProjects) = preSolution
		{5CCE3F88-1E36-449C-B2F7-B983EE5D2565} = {6C704640-070D-491D-B606-8701E05F793E}
		{9F1F330E-C3AF-4E39-A820-E32CE62357CC} = {6C704640-070D-491D-B606-8701E05F793E}
		{F6725F20-1315-4055-9174-387AFCA5A169} = {6C704640-070D-491D-B606-8701E05F793E}
		{098D886D-97C4-4FA8-84F5-3213E7C8B326} = {90AE61C4-08B5-4C66-B2F9-7385EEB6CD47}
		{E6504142-05CE-41BA-8179-B785F1A048E1} = {90AE61C4-08B5-4C66-B2F9-7385EEB6CD47}
		{1C5F0B98-FBDE-41D4-B968-43E2688A69D4} = {90AE61C4-08B5-4C66-B2F9-7385EEB6CD47}
		{5FAC361A-63A5-4AD5-A8F8-DA7DD06592BE} = {B2FF6E2D-BFAE-4DBE-B0FC-B5D286D6481A}
		{556F3E12-FFEF-4C55-A9C1-6A6C7F160552} = {B2FF6E2D-BFAE-4DBE-B0FC-B5D286D6481A}
		{79C469C3-F828-43B1-8260-E56816EF6A9D} = {B2FF6E2D-BFAE-4DBE-B0FC-B5D286D6481A}
		{B442AB3D-0BB9-4B8A-8A8C-A21873236B3F} = {45439221-DB05-4DA1-941A-091ED1CC2EF2}
		{9D674E69-1025-44FB-AC2C-5ADE4E981F16} = {45439221-DB05-4DA1-941A-091ED1CC2EF2}
		{27A5EE2D-9E40-414F-9150-8E3E13F6880B} = {45439221-DB05-4DA1-941A-091ED1CC2EF2}
	EndGlobalSection
	GlobalSection(ExtensibilityGlobals) = postSolution
		SolutionGuid = {F79A94DA-55A3-4666-9B1E-B1405643833B}
	EndGlobalSection
EndGlobal
