
Microsoft Visual Studio Solution File, Format Version 12.00
# Visual Studio Version 16
VisualStudioVersion = 16.0.33927.289
MinimumVisualStudioVersion = 10.0.40219.1
Project("{2150E333-8FDC-42A3-9474-1A3956D46DE8}") = "Task0", "Task0", "{6C704640-070D-491D-B606-8701E05F793E}"
EndProject
Project("{FAE04EC0-301F-11D3-BF4B-00C04F79EFBC}") = "Tyuiu.KulakovEE.Sprint4.Task0.V3", "Tyuiu.KulakovEE.Sprint4.Task0.V3\Tyuiu.KulakovEE.Sprint4.Task0.V3.csproj", "{5CCE3F88-1E36-449C-B2F7-B983EE5D2565}"
EndProject
Project("{FAE04EC0-301F-11D3-BF4B-00C04F79EFBC}") = "Tyuiu.KulakovEE.Sprint4.Task0.V3.Test", "Tyuiu.KulakovEE.Sprint4.Task0.V3.Test\Tyuiu.KulakovEE.Sprint4.Task0.V3.Test.csproj", "{9F1F330E-C3AF-4E39-A820-E32CE62357CC}"
EndProject
Project("{FAE04EC0-301F-11D3-BF4B-00C04F79EFBC}") = "Tyuiu.KulakovEE.Sprint4.Task0.V3.Lib", "Tyuiu.KulakovEE.Sprint4.Task0.V3.Lib\Tyuiu.KulakovEE.Sprint4.Task0.V3.Lib.csproj", "{F6725F20-1315-4055-9174-387AFCA5A169}"
EndProject
Project("{2150E333-8FDC-42A3-9474-1A3956D46DE8}") = "Task1", "Task1", "{90AE61C4-08B5-4C66-B2F9-7385EEB6CD47}"
EndProject
Project("{FAE04EC0-301F-11D3-BF4B-00C04F79EFBC}") = "Tyuiu.KulakovEE.Sprint4.Task1.V6", "Tyuiu.KulakovEE.Sprint4.Task1.V6\Tyuiu.KulakovEE.Sprint4.Task1.V6.csproj", "{098D886D-97C4-4FA8-84F5-3213E7C8B326}"
EndProject
Project("{FAE04EC0-301F-11D3-BF4B-00C04F79EFBC}") = "Tyuiu.KulakovEE.Sprint4.Task1.V6.Lib", "Tyuiu.KulakovEE.Sprint4.Task1.V6.Lib\Tyuiu.KulakovEE.Sprint4.Task1.V6.Lib.csproj", "{E6504142-05CE-41BA-8179-B785F1A048E1}"
EndProject
Project("{FAE04EC0-301F-11D3-BF4B-00C04F79EFBC}") = "Tyuiu.KulakovEE.Sprint4.Task1.V6.Test", "Tyuiu.KulakovEE.Sprint4.Task1.V6.Test\Tyuiu.KulakovEE.Sprint4.Task1.V6.Test.csproj", "{1C5F0B98-FBDE-41D4-B968-43E2688A69D4}"
EndProject
Project("{2150E333-8FDC-42A3-9474-1A3956D46DE8}") = "Task2", "Task2", "{B2FF6E2D-BFAE-4DBE-B0FC-B5D286D6481A}"
EndProject
Project("{FAE04EC0-301F-11D3-BF4B-00C04F79EFBC}") = "Tyuiu.KulakovEE.Sprint4.Task2.V12", "Tyuiu.KulakovEE.Sprint4.Task2.V12\Tyuiu.KulakovEE.Sprint4.Task2.V12.csproj", "{5FAC361A-63A5-4AD5-A8F8-DA7DD06592BE}"
EndProject
Project("{FAE04EC0-301F-11D3-BF4B-00C04F79EFBC}") = "Tyuiu.KulakovEE.Sprint4.Task2.V12.Lib", "Tyuiu.KulakovEE.Sprint4.Task2.V12.Lib\Tyuiu.KulakovEE.Sprint4.Task2.V12.Lib.csproj", "{556F3E12-FFEF-4C55-A9C1-6A6C7F160552}"
EndProject
Project("{FAE04EC0-301F-11D3-BF4B-00C04F79EFBC}") = "Tyuiu.KulakovEE.Sprint4.Task2.V12.Test", "Tyuiu.KulakovEE.Sprint4.Task2.V12.Test\Tyuiu.KulakovEE.Sprint4.Task2.V12.Test.csproj", "{79C469C3-F828-43B1-8260-E56816EF6A9D}"
EndProject
Project("{2150E333-8FDC-42A3-9474-1A3956D46DE8}") = "Task3", "Task3", "{45439221-DB05-4DA1-941A-091ED1CC2EF2}"
EndProject
Project("{FAE04EC0-301F-11D3-BF4B-00C04F79EFBC}") = "Tyuiu.KulakovEE.Sprint4.Task3.V4", "Tyuiu.KulakovEE.Sprint4.Task3.V4\Tyuiu.KulakovEE.Sprint4.Task3.V4.csproj", "{B442AB3D-0BB9-4B8A-8A8C-A21873236B3F}"
EndProject
Project("{FAE04EC0-301F-11D3-BF4B-00C04F79EFBC}") = "Tyuiu.KulakovEE.Sprint4.Task3.V4.Lib", "Tyuiu.KulakovEE.Sprint4.Task3.V4.Lib\Tyuiu.KulakovEE.Sprint4.Task3.V4.Lib.csproj", "{9D674E69-1025-44FB-AC2C-5ADE4E981F16}"
EndProject
Project("{FAE04EC0-301F-11D3-BF4B-00C04F79EFBC}") = "Tyuiu.KulakovEE.Sprint4.Task3.V4.Test", "Tyuiu.KulakovEE.Sprint4.Task3.V4.Test\Tyuiu.KulakovEE.Sprint4.Task3.V4.Test.csproj", "{27A5EE2D-9E40-414F-9150-8E3E13F6880B}"
EndProject
Project("{2150E333-8FDC-42A3-9474-1A3956D46DE8}") = "Task4", "Task4", "{F40994B1-68FC-4745-8A44-2637E70BD3C9}"
EndProject
Project("{FAE04EC0-301F-11D3-BF4B-00C04F79EFBC}") = "Tyuiu.KulakovEE.Sprint4.Task4.V3", "Tyuiu.KulakovEE.Sprint4.Task4.V3\Tyuiu.KulakovEE.Sprint4.Task4.V3.csproj", "{14E8000E-2780-49CC-958D-C44F0FD3FAD4}"
EndProject
Project("{FAE04EC0-301F-11D3-BF4B-00C04F79EFBC}") = "Tyuiu.KulakovEE.Sprint4.Task4.V3.Lib", "Tyuiu.KulakovEE.Sprint4.Task4.V3.Lib\Tyuiu.KulakovEE.Sprint4.Task4.V3.Lib.csproj", "{983CA9BE-E256-477D-B399-529560F37724}"
EndProject
Project("{FAE04EC0-301F-11D3-BF4B-00C04F79EFBC}") = "Tyuiu.KulakovEE.Sprint4.Task4.V3.Test", "Tyuiu.KulakovEE.Sprint4.Task4.V3.Test\Tyuiu.KulakovEE.Sprint4.Task4.V3.Test.csproj", "{63142896-E2F4-4EC6-8A5C-7BF38A2CF795}"
EndProject
Project("{2150E333-8FDC-42A3-9474-1A3956D46DE8}") = "Task5", "Task5", "{D38F0726-C0DB-40E8-ACD7-D5BF2BB25C45}"
EndProject
Project("{FAE04EC0-301F-11D3-BF4B-00C04F79EFBC}") = "Tyuiu.KulakovEE.Sprint4.Task5.V29", "Tyuiu.KulakovEE.Sprint4.Task5.V29\Tyuiu.KulakovEE.Sprint4.Task5.V29.csproj", "{53C950D8-F28F-4817-9D54-A0BECB278506}"
EndProject
Project("{FAE04EC0-301F-11D3-BF4B-00C04F79EFBC}") = "Tyuiu.KulakovEE.Sprint4.Task5.V29.Test", "Tyuiu.KulakovEE.Sprint4.Task5.V29.Test\Tyuiu.KulakovEE.Sprint4.Task5.V29.Test.csproj", "{80DC9E18-9C08-43C1-9D17-33BF8BD9EF20}"
EndProject
Project("{FAE04EC0-301F-11D3-BF4B-00C04F79EFBC}") = "Tyuiu.KulakovEE.Sprint4.Task5.V29.Lib", "Tyuiu.KulakovEE.Sprint4.Task5.V29.Lib\Tyuiu.KulakovEE.Sprint4.Task5.V29.Lib.csproj", "{9DF90A3D-51D4-43C4-ADDC-CA88512DC0F9}"
EndProject
Project("{2150E333-8FDC-42A3-9474-1A3956D46DE8}") = "Task6", "Task6", "{75ED2B66-2DAF-4399-9D33-0EB73A792020}"
EndProject
Project("{FAE04EC0-301F-11D3-BF4B-00C04F79EFBC}") = "Tyuiu.KulakovEE.Sprint4.Task6.V16", "Tyuiu.KulakovEE.Sprint4.Task6.V16\Tyuiu.KulakovEE.Sprint4.Task6.V16.csproj", "{F93B5BB7-8148-4FD5-B9A7-63781996880C}"
EndProject
Project("{FAE04EC0-301F-11D3-BF4B-00C04F79EFBC}") = "Tyuiu.KulakovEE.Sprint4.Task6.V16.Test", "Tyuiu.KulakovEE.Sprint4.Task6.V16.Test\Tyuiu.KulakovEE.Sprint4.Task6.V16.Test.csproj", "{8FDC17A9-831A-4F8E-AA2F-F15434893798}"
EndProject
Project("{FAE04EC0-301F-11D3-BF4B-00C04F79EFBC}") = "Tyuiu.KulakovEE.Sprint4.Task6.V16.Lib", "Tyuiu.KulakovEE.Sprint4.Task6.V16.Lib\Tyuiu.KulakovEE.Sprint4.Task6.V16.Lib.csproj", "{14167FF3-C268-48E7-B8A2-34D19853B0BB}"
EndProject
Project("{2150E333-8FDC-42A3-9474-1A3956D46DE8}") = "Task7", "Task7", "{D1DB6A8C-D5F0-4F30-9F6C-CE810AD6155C}"
EndProject
Project("{FAE04EC0-301F-11D3-BF4B-00C04F79EFBC}") = "Tyuiu.KulakovEE.Sprint4.Task7.V9", "Tyuiu.KulakovEE.Sprint4.Task7.V9\Tyuiu.KulakovEE.Sprint4.Task7.V9.csproj", "{C977AB8F-D2C1-4DD0-8201-A0FD33BB7E99}"
EndProject
Project("{FAE04EC0-301F-11D3-BF4B-00C04F79EFBC}") = "Tyuiu.KulakovEE.Sprint4.Task7.V9.Test", "Tyuiu.KulakovEE.Sprint4.Task7.V9.Test\Tyuiu.KulakovEE.Sprint4.Task7.V9.Test.csproj", "{442E92B2-AD53-4BD2-89F9-176B916B34CA}"
EndProject
Project("{FAE04EC0-301F-11D3-BF4B-00C04F79EFBC}") = "Tyuiu.KulakovEE.Sprint4.Task7.V9.Lib", "Tyuiu.KulakovEE.Sprint4.Task7.V9.Lib\Tyuiu.KulakovEE.Sprint4.Task7.V9.Lib.csproj", "{32AB57D1-E26C-4287-80C9-9386E441EAE2}"
EndProject
Global
	GlobalSection(SolutionConfigurationPlatforms) = preSolution
		Debug|Any CPU = Debug|Any CPU
		Release|Any CPU = Release|Any CPU
	EndGlobalSection
	GlobalSection(ProjectConfigurationPlatforms) = postSolution
		{5CCE3F88-1E36-449C-B2F7-B983EE5D2565}.Debug|Any CPU.ActiveCfg = Debug|Any CPU
		{5CCE3F88-1E36-449C-B2F7-B983EE5D2565}.Debug|Any CPU.Build.0 = Debug|Any CPU
		{5CCE3F88-1E36-449C-B2F7-B983EE5D2565}.Release|Any CPU.ActiveCfg = Release|Any CPU
		{5CCE3F88-1E36-449C-B2F7-B983EE5D2565}.Release|Any CPU.Build.0 = Release|Any CPU
		{9F1F330E-C3AF-4E39-A820-E32CE62357CC}.Debug|Any CPU.ActiveCfg = Debug|Any CPU
		{9F1F330E-C3AF-4E39-A820-E32CE62357CC}.Debug|Any CPU.Build.0 = Debug|Any CPU
		{9F1F330E-C3AF-4E39-A820-E32CE62357CC}.Release|Any CPU.ActiveCfg = Release|Any CPU
		{9F1F330E-C3AF-4E39-A820-E32CE62357CC}.Release|Any CPU.Build.0 = Release|Any CPU
		{F6725F20-1315-4055-9174-387AFCA5A169}.Debug|Any CPU.ActiveCfg = Debug|Any CPU
		{F6725F20-1315-4055-9174-387AFCA5A169}.Debug|Any CPU.Build.0 = Debug|Any CPU
		{F6725F20-1315-4055-9174-387AFCA5A169}.Release|Any CPU.ActiveCfg = Release|Any CPU
		{F6725F20-1315-4055-9174-387AFCA5A169}.Release|Any CPU.Build.0 = Release|Any CPU
		{098D886D-97C4-4FA8-84F5-3213E7C8B326}.Debug|Any CPU.ActiveCfg = Debug|Any CPU
		{098D886D-97C4-4FA8-84F5-3213E7C8B326}.Debug|Any CPU.Build.0 = Debug|Any CPU
		{098D886D-97C4-4FA8-84F5-3213E7C8B326}.Release|Any CPU.ActiveCfg = Release|Any CPU
		{098D886D-97C4-4FA8-84F5-3213E7C8B326}.Release|Any CPU.Build.0 = Release|Any CPU
		{E6504142-05CE-41BA-8179-B785F1A048E1}.Debug|Any CPU.ActiveCfg = Debug|Any CPU
		{E6504142-05CE-41BA-8179-B785F1A048E1}.Debug|Any CPU.Build.0 = Debug|Any CPU
		{E6504142-05CE-41BA-8179-B785F1A048E1}.Release|Any CPU.ActiveCfg = Release|Any CPU
		{E6504142-05CE-41BA-8179-B785F1A048E1}.Release|Any CPU.Build.0 = Release|Any CPU
		{1C5F0B98-FBDE-41D4-B968-43E2688A69D4}.Debug|Any CPU.ActiveCfg = Debug|Any CPU
		{1C5F0B98-FBDE-41D4-B968-43E2688A69D4}.Debug|Any CPU.Build.0 = Debug|Any CPU
		{1C5F0B98-FBDE-41D4-B968-43E2688A69D4}.Release|Any CPU.ActiveCfg = Release|Any CPU
		{1C5F0B98-FBDE-41D4-B968-43E2688A69D4}.Release|Any CPU.Build.0 = Release|Any CPU
		{5FAC361A-63A5-4AD5-A8F8-DA7DD06592BE}.Debug|Any CPU.ActiveCfg = Debug|Any CPU
		{5FAC361A-63A5-4AD5-A8F8-DA7DD06592BE}.Debug|Any CPU.Build.0 = Debug|Any CPU
		{5FAC361A-63A5-4AD5-A8F8-DA7DD06592BE}.Release|Any CPU.ActiveCfg = Release|Any CPU
		{5FAC361A-63A5-4AD5-A8F8-DA7DD06592BE}.Release|Any CPU.Build.0 = Release|Any CPU
		{556F3E12-FFEF-4C55-A9C1-6A6C7F160552}.Debug|Any CPU.ActiveCfg = Debug|Any CPU
		{556F3E12-FFEF-4C55-A9C1-6A6C7F160552}.Debug|Any CPU.Build.0 = Debug|Any CPU
		{556F3E12-FFEF-4C55-A9C1-6A6C7F160552}.Release|Any CPU.ActiveCfg = Release|Any CPU
		{556F3E12-FFEF-4C55-A9C1-6A6C7F160552}.Release|Any CPU.Build.0 = Release|Any CPU
		{79C469C3-F828-43B1-8260-E56816EF6A9D}.Debug|Any CPU.ActiveCfg = Debug|Any CPU
		{79C469C3-F828-43B1-8260-E56816EF6A9D}.Debug|Any CPU.Build.0 = Debug|Any CPU
		{79C469C3-F828-43B1-8260-E56816EF6A9D}.Release|Any CPU.ActiveCfg = Release|Any CPU
		{79C469C3-F828-43B1-8260-E56816EF6A9D}.Release|Any CPU.Build.0 = Release|Any CPU
		{B442AB3D-0BB9-4B8A-8A8C-A21873236B3F}.Debug|Any CPU.ActiveCfg = Debug|Any CPU
		{B442AB3D-0BB9-4B8A-8A8C-A21873236B3F}.Debug|Any CPU.Build.0 = Debug|Any CPU
		{B442AB3D-0BB9-4B8A-8A8C-A21873236B3F}.Release|Any CPU.ActiveCfg = Release|Any CPU
		{B442AB3D-0BB9-4B8A-8A8C-A21873236B3F}.Release|Any CPU.Build.0 = Release|Any CPU
		{9D674E69-1025-44FB-AC2C-5ADE4E981F16}.Debug|Any CPU.ActiveCfg = Debug|Any CPU
		{9D674E69-1025-44FB-AC2C-5ADE4E981F16}.Debug|Any CPU.Build.0 = Debug|Any CPU
		{9D674E69-1025-44FB-AC2C-5ADE4E981F16}.Release|Any CPU.ActiveCfg = Release|Any CPU
		{9D674E69-1025-44FB-AC2C-5ADE4E981F16}.Release|Any CPU.Build.0 = Release|Any CPU
		{27A5EE2D-9E40-414F-9150-8E3E13F6880B}.Debug|Any CPU.ActiveCfg = Debug|Any CPU
		{27A5EE2D-9E40-414F-9150-8E3E13F6880B}.Debug|Any CPU.Build.0 = Debug|Any CPU
		{27A5EE2D-9E40-414F-9150-8E3E13F6880B}.Release|Any CPU.ActiveCfg = Release|Any CPU
		{27A5EE2D-9E40-414F-9150-8E3E13F6880B}.Release|Any CPU.Build.0 = Release|Any CPU
		{14E8000E-2780-49CC-958D-C44F0FD3FAD4}.Debug|Any CPU.ActiveCfg = Debug|Any CPU
		{14E8000E-2780-49CC-958D-C44F0FD3FAD4}.Debug|Any CPU.Build.0 = Debug|Any CPU
		{14E8000E-2780-49CC-958D-C44F0FD3FAD4}.Release|Any CPU.ActiveCfg = Release|Any CPU
		{14E8000E-2780-49CC-958D-C44F0FD3FAD4}.Release|Any CPU.Build.0 = Release|Any CPU
		{983CA9BE-E256-477D-B399-529560F37724}.Debug|Any CPU.ActiveCfg = Debug|Any CPU
		{983CA9BE-E256-477D-B399-529560F37724}.Debug|Any CPU.Build.0 = Debug|Any CPU
		{983CA9BE-E256-477D-B399-529560F37724}.Release|Any CPU.ActiveCfg = Release|Any CPU
		{983CA9BE-E256-477D-B399-529560F37724}.Release|Any CPU.Build.0 = Release|Any CPU
		{63142896-E2F4-4EC6-8A5C-7BF38A2CF795}.Debug|Any CPU.ActiveCfg = Debug|Any CPU
		{63142896-E2F4-4EC6-8A5C-7BF38A2CF795}.Debug|Any CPU.Build.0 = Debug|Any CPU
		{63142896-E2F4-4EC6-8A5C-7BF38A2CF795}.Release|Any CPU.ActiveCfg = Release|Any CPU
		{63142896-E2F4-4EC6-8A5C-7BF38A2CF795}.Release|Any CPU.Build.0 = Release|Any CPU
		{53C950D8-F28F-4817-9D54-A0BECB278506}.Debug|Any CPU.ActiveCfg = Debug|Any CPU
		{53C950D8-F28F-4817-9D54-A0BECB278506}.Debug|Any CPU.Build.0 = Debug|Any CPU
		{53C950D8-F28F-4817-9D54-A0BECB278506}.Release|Any CPU.ActiveCfg = Release|Any CPU
		{53C950D8-F28F-4817-9D54-A0BECB278506}.Release|Any CPU.Build.0 = Release|Any CPU
		{80DC9E18-9C08-43C1-9D17-33BF8BD9EF20}.Debug|Any CPU.ActiveCfg = Debug|Any CPU
		{80DC9E18-9C08-43C1-9D17-33BF8BD9EF20}.Debug|Any CPU.Build.0 = Debug|Any CPU
		{80DC9E18-9C08-43C1-9D17-33BF8BD9EF20}.Release|Any CPU.ActiveCfg = Release|Any CPU
		{80DC9E18-9C08-43C1-9D17-33BF8BD9EF20}.Release|Any CPU.Build.0 = Release|Any CPU
		{9DF90A3D-51D4-43C4-ADDC-CA88512DC0F9}.Debug|Any CPU.ActiveCfg = Debug|Any CPU
		{9DF90A3D-51D4-43C4-ADDC-CA88512DC0F9}.Debug|Any CPU.Build.0 = Debug|Any CPU
		{9DF90A3D-51D4-43C4-ADDC-CA88512DC0F9}.Release|Any CPU.ActiveCfg = Release|Any CPU
		{9DF90A3D-51D4-43C4-ADDC-CA88512DC0F9}.Release|Any CPU.Build.0 = Release|Any CPU
		{F93B5BB7-8148-4FD5-B9A7-63781996880C}.Debug|Any CPU.ActiveCfg = Debug|Any CPU
		{F93B5BB7-8148-4FD5-B9A7-63781996880C}.Debug|Any CPU.Build.0 = Debug|Any CPU
		{F93B5BB7-8148-4FD5-B9A7-63781996880C}.Release|Any CPU.ActiveCfg = Release|Any CPU
		{F93B5BB7-8148-4FD5-B9A7-63781996880C}.Release|Any CPU.Build.0 = Release|Any CPU
		{8FDC17A9-831A-4F8E-AA2F-F15434893798}.Debug|Any CPU.ActiveCfg = Debug|Any CPU
		{8FDC17A9-831A-4F8E-AA2F-F15434893798}.Debug|Any CPU.Build.0 = Debug|Any CPU
		{8FDC17A9-831A-4F8E-AA2F-F15434893798}.Release|Any CPU.ActiveCfg = Release|Any CPU
		{8FDC17A9-831A-4F8E-AA2F-F15434893798}.Release|Any CPU.Build.0 = Release|Any CPU
		{14167FF3-C268-48E7-B8A2-34D19853B0BB}.Debug|Any CPU.ActiveCfg = Debug|Any CPU
		{14167FF3-C268-48E7-B8A2-34D19853B0BB}.Debug|Any CPU.Build.0 = Debug|Any CPU
		{14167FF3-C268-48E7-B8A2-34D19853B0BB}.Release|Any CPU.ActiveCfg = Release|Any CPU
		{14167FF3-C268-48E7-B8A2-34D19853B0BB}.Release|Any CPU.Build.0 = Release|Any CPU
		{C977AB8F-D2C1-4DD0-8201-A0FD33BB7E99}.Debug|Any CPU.ActiveCfg = Debug|Any CPU
		{C977AB8F-D2C1-4DD0-8201-A0FD33BB7E99}.Debug|Any CPU.Build.0 = Debug|Any CPU
		{C977AB8F-D2C1-4DD0-8201-A0FD33BB7E99}.Release|Any CPU.ActiveCfg = Release|Any CPU
		{C977AB8F-D2C1-4DD0-8201-A0FD33BB7E99}.Release|Any CPU.Build.0 = Release|Any CPU
		{442E92B2-AD53-4BD2-89F9-176B916B34CA}.Debug|Any CPU.ActiveCfg = Debug|Any CPU
		{442E92B2-AD53-4BD2-89F9-176B916B34CA}.Debug|Any CPU.Build.0 = Debug|Any CPU
		{442E92B2-AD53-4BD2-89F9-176B916B34CA}.Release|Any CPU.ActiveCfg = Release|Any CPU
		{442E92B2-AD53-4BD2-89F9-176B916B34CA}.Release|Any CPU.Build.0 = Release|Any CPU
		{32AB57D1-E26C-4287-80C9-9386E441EAE2}.Debug|Any CPU.ActiveCfg = Debug|Any CPU
		{32AB57D1-E26C-4287-80C9-9386E441EAE2}.Debug|Any CPU.Build.0 = Debug|Any CPU
		{32AB57D1-E26C-4287-80C9-9386E441EAE2}.Release|Any CPU.ActiveCfg = Release|Any CPU
		{32AB57D1-E26C-4287-80C9-9386E441EAE2}.Release|Any CPU.Build.0 = Release|Any CPU
	EndGlobalSection
	GlobalSection(SolutionProperties) = preSolution
		HideSolutionNode = FALSE
	EndGlobalSection
	GlobalSection(NestedProjects) = preSolution
		{5CCE3F88-1E36-449C-B2F7-B983EE5D2565} = {6C704640-070D-491D-B606-8701E05F793E}
		{9F1F330E-C3AF-4E39-A820-E32CE62357CC} = {6C704640-070D-491D-B606-8701E05F793E}
		{F6725F20-1315-4055-9174-387AFCA5A169} = {6C704640-070D-491D-B606-8701E05F793E}
		{098D886D-97C4-4FA8-84F5-3213E7C8B326} = {90AE61C4-08B5-4C66-B2F9-7385EEB6CD47}
		{E6504142-05CE-41BA-8179-B785F1A048E1} = {90AE61C4-08B5-4C66-B2F9-7385EEB6CD47}
		{1C5F0B98-FBDE-41D4-B968-43E2688A69D4} = {90AE61C4-08B5-4C66-B2F9-7385EEB6CD47}
		{5FAC361A-63A5-4AD5-A8F8-DA7DD06592BE} = {B2FF6E2D-BFAE-4DBE-B0FC-B5D286D6481A}
		{556F3E12-FFEF-4C55-A9C1-6A6C7F160552} = {B2FF6E2D-BFAE-4DBE-B0FC-B5D286D6481A}
		{79C469C3-F828-43B1-8260-E56816EF6A9D} = {B2FF6E2D-BFAE-4DBE-B0FC-B5D286D6481A}
		{B442AB3D-0BB9-4B8A-8A8C-A21873236B3F} = {45439221-DB05-4DA1-941A-091ED1CC2EF2}
		{9D674E69-1025-44FB-AC2C-5ADE4E981F16} = {45439221-DB05-4DA1-941A-091ED1CC2EF2}
		{27A5EE2D-9E40-414F-9150-8E3E13F6880B} = {45439221-DB05-4DA1-941A-091ED1CC2EF2}
		{14E8000E-2780-49CC-958D-C44F0FD3FAD4} = {F40994B1-68FC-4745-8A44-2637E70BD3C9}
		{983CA9BE-E256-477D-B399-529560F37724} = {F40994B1-68FC-4745-8A44-2637E70BD3C9}
		{63142896-E2F4-4EC6-8A5C-7BF38A2CF795} = {F40994B1-68FC-4745-8A44-2637E70BD3C9}
		{53C950D8-F28F-4817-9D54-A0BECB278506} = {D38F0726-C0DB-40E8-ACD7-D5BF2BB25C45}
		{80DC9E18-9C08-43C1-9D17-33BF8BD9EF20} = {D38F0726-C0DB-40E8-ACD7-D5BF2BB25C45}
		{9DF90A3D-51D4-43C4-ADDC-CA88512DC0F9} = {D38F0726-C0DB-40E8-ACD7-D5BF2BB25C45}
		{F93B5BB7-8148-4FD5-B9A7-63781996880C} = {75ED2B66-2DAF-4399-9D33-0EB73A792020}
		{8FDC17A9-831A-4F8E-AA2F-F15434893798} = {75ED2B66-2DAF-4399-9D33-0EB73A792020}
		{14167FF3-C268-48E7-B8A2-34D19853B0BB} = {75ED2B66-2DAF-4399-9D33-0EB73A792020}
		{C977AB8F-D2C1-4DD0-8201-A0FD33BB7E99} = {D1DB6A8C-D5F0-4F30-9F6C-CE810AD6155C}
		{442E92B2-AD53-4BD2-89F9-176B916B34CA} = {D1DB6A8C-D5F0-4F30-9F6C-CE810AD6155C}
		{32AB57D1-E26C-4287-80C9-9386E441EAE2} = {D1DB6A8C-D5F0-4F30-9F6C-CE810AD6155C}
	EndGlobalSection
	GlobalSection(ExtensibilityGlobals) = postSolution
		SolutionGuid = {F79A94DA-55A3-4666-9B1E-B1405643833B}
	EndGlobalSection
EndGlobal
